
Microsoft Visual Studio Solution File, Format Version 12.00
# Visual Studio Version 17
VisualStudioVersion = 17.14.36623.8 d17.14
MinimumVisualStudioVersion = 10.0.40219.1
Project("{FAE04EC0-301F-11D3-BF4B-00C04F79EFBC}") = "GCLUB", "GCLUB\GCLUB.csproj", "{F7F933AA-7BCE-469D-A854-C0D7F3D1746B}"
EndProject
Global
	GlobalSection(SolutionConfigurationPlatforms) = preSolution
		Debug|Any CPU = Debug|Any CPU
		Release|Any CPU = Release|Any CPU
	EndGlobalSection
	GlobalSection(ProjectConfigurationPlatforms) = postSolution
		{F7F933AA-7BCE-469D-A854-C0D7F3D1746B}.Debug|Any CPU.ActiveCfg = Debug|Any CPU
		{F7F933AA-7BCE-469D-A854-C0D7F3D1746B}.Debug|Any CPU.Build.0 = Debug|Any CPU
		{F7F933AA-7BCE-469D-A854-C0D7F3D1746B}.Release|Any CPU.ActiveCfg = Release|Any CPU
		{F7F933AA-7BCE-469D-A854-C0D7F3D1746B}.Release|Any CPU.Build.0 = Release|Any CPU
	EndGlobalSection
	GlobalSection(SolutionProperties) = preSolution
		HideSolutionNode = FALSE
	EndGlobalSection
	GlobalSection(ExtensibilityGlobals) = postSolution
		SolutionGuid = {A8552BE7-7966-40B7-BEA7-A20566CAAA8A}
	EndGlobalSection
EndGlobal
